
Microsoft Visual Studio Solution File, Format Version 12.00
# Visual Studio 15
VisualStudioVersion = 15.0.27130.2010
MinimumVisualStudioVersion = 10.0.40219.1
Project("{FAE04EC0-301F-11D3-BF4B-00C04F79EFBC}") = "StudentsApp.Android", "StudentsApp\StudentsApp.Android\StudentsApp.Android.csproj", "{7CBFB40A-5FE9-4F98-94C9-589781732A59}"
EndProject
Project("{FAE04EC0-301F-11D3-BF4B-00C04F79EFBC}") = "StudentsApp.iOS", "StudentsApp\StudentsApp.iOS\StudentsApp.iOS.csproj", "{50CEE331-3A82-4DAC-A2B5-A360EDFC060A}"
EndProject
Project("{FAE04EC0-301F-11D3-BF4B-00C04F79EFBC}") = "StudentsApp.UWP", "StudentsApp\StudentsApp.UWP\StudentsApp.UWP.csproj", "{CF523ED4-FF3B-4E84-BA54-482A9227B5A8}"
EndProject
Project("{D954291E-2A0B-460D-934E-DC6B0785DB48}") = "StudentsApp", "StudentsApp\StudentsApp\StudentsApp.shproj", "{B071FD93-EEA3-40E0-B454-F56426730302}"
EndProject
Global
	GlobalSection(SharedMSBuildProjectFiles) = preSolution
		StudentsApp\StudentsApp\StudentsApp.projitems*{50cee331-3a82-4dac-a2b5-a360edfc060a}*SharedItemsImports = 4
		StudentsApp\StudentsApp\StudentsApp.projitems*{7cbfb40a-5fe9-4f98-94c9-589781732a59}*SharedItemsImports = 4
		StudentsApp\StudentsApp\StudentsApp.projitems*{b071fd93-eea3-40e0-b454-f56426730302}*SharedItemsImports = 13
		StudentsApp\StudentsApp\StudentsApp.projitems*{cf523ed4-ff3b-4e84-ba54-482a9227b5a8}*SharedItemsImports = 4
	EndGlobalSection
	GlobalSection(SolutionConfigurationPlatforms) = preSolution
		Ad-Hoc|Any CPU = Ad-Hoc|Any CPU
		Ad-Hoc|ARM = Ad-Hoc|ARM
		Ad-Hoc|iPhone = Ad-Hoc|iPhone
		Ad-Hoc|iPhoneSimulator = Ad-Hoc|iPhoneSimulator
		Ad-Hoc|x64 = Ad-Hoc|x64
		Ad-Hoc|x86 = Ad-Hoc|x86
		AppStore|Any CPU = AppStore|Any CPU
		AppStore|ARM = AppStore|ARM
		AppStore|iPhone = AppStore|iPhone
		AppStore|iPhoneSimulator = AppStore|iPhoneSimulator
		AppStore|x64 = AppStore|x64
		AppStore|x86 = AppStore|x86
		Debug|Any CPU = Debug|Any CPU
		Debug|ARM = Debug|ARM
		Debug|iPhone = Debug|iPhone
		Debug|iPhoneSimulator = Debug|iPhoneSimulator
		Debug|x64 = Debug|x64
		Debug|x86 = Debug|x86
		Release|Any CPU = Release|Any CPU
		Release|ARM = Release|ARM
		Release|iPhone = Release|iPhone
		Release|iPhoneSimulator = Release|iPhoneSimulator
		Release|x64 = Release|x64
		Release|x86 = Release|x86
	EndGlobalSection
	GlobalSection(ProjectConfigurationPlatforms) = postSolution
		{7CBFB40A-5FE9-4F98-94C9-589781732A59}.Ad-Hoc|Any CPU.ActiveCfg = Release|Any CPU
		{7CBFB40A-5FE9-4F98-94C9-589781732A59}.Ad-Hoc|Any CPU.Build.0 = Release|Any CPU
		{7CBFB40A-5FE9-4F98-94C9-589781732A59}.Ad-Hoc|Any CPU.Deploy.0 = Release|Any CPU
		{7CBFB40A-5FE9-4F98-94C9-589781732A59}.Ad-Hoc|ARM.ActiveCfg = Release|Any CPU
		{7CBFB40A-5FE9-4F98-94C9-589781732A59}.Ad-Hoc|ARM.Build.0 = Release|Any CPU
		{7CBFB40A-5FE9-4F98-94C9-589781732A59}.Ad-Hoc|ARM.Deploy.0 = Release|Any CPU
		{7CBFB40A-5FE9-4F98-94C9-589781732A59}.Ad-Hoc|iPhone.ActiveCfg = Release|Any CPU
		{7CBFB40A-5FE9-4F98-94C9-589781732A59}.Ad-Hoc|iPhone.Build.0 = Release|Any CPU
		{7CBFB40A-5FE9-4F98-94C9-589781732A59}.Ad-Hoc|iPhone.Deploy.0 = Release|Any CPU
		{7CBFB40A-5FE9-4F98-94C9-589781732A59}.Ad-Hoc|iPhoneSimulator.ActiveCfg = Release|Any CPU
		{7CBFB40A-5FE9-4F98-94C9-589781732A59}.Ad-Hoc|iPhoneSimulator.Build.0 = Release|Any CPU
		{7CBFB40A-5FE9-4F98-94C9-589781732A59}.Ad-Hoc|iPhoneSimulator.Deploy.0 = Release|Any CPU
		{7CBFB40A-5FE9-4F98-94C9-589781732A59}.Ad-Hoc|x64.ActiveCfg = Release|Any CPU
		{7CBFB40A-5FE9-4F98-94C9-589781732A59}.Ad-Hoc|x64.Build.0 = Release|Any CPU
		{7CBFB40A-5FE9-4F98-94C9-589781732A59}.Ad-Hoc|x64.Deploy.0 = Release|Any CPU
		{7CBFB40A-5FE9-4F98-94C9-589781732A59}.Ad-Hoc|x86.ActiveCfg = Release|Any CPU
		{7CBFB40A-5FE9-4F98-94C9-589781732A59}.Ad-Hoc|x86.Build.0 = Release|Any CPU
		{7CBFB40A-5FE9-4F98-94C9-589781732A59}.Ad-Hoc|x86.Deploy.0 = Release|Any CPU
		{7CBFB40A-5FE9-4F98-94C9-589781732A59}.AppStore|Any CPU.ActiveCfg = Release|Any CPU
		{7CBFB40A-5FE9-4F98-94C9-589781732A59}.AppStore|Any CPU.Build.0 = Release|Any CPU
		{7CBFB40A-5FE9-4F98-94C9-589781732A59}.AppStore|Any CPU.Deploy.0 = Release|Any CPU
		{7CBFB40A-5FE9-4F98-94C9-589781732A59}.AppStore|ARM.ActiveCfg = Release|Any CPU
		{7CBFB40A-5FE9-4F98-94C9-589781732A59}.AppStore|ARM.Build.0 = Release|Any CPU
		{7CBFB40A-5FE9-4F98-94C9-589781732A59}.AppStore|ARM.Deploy.0 = Release|Any CPU
		{7CBFB40A-5FE9-4F98-94C9-589781732A59}.AppStore|iPhone.ActiveCfg = Release|Any CPU
		{7CBFB40A-5FE9-4F98-94C9-589781732A59}.AppStore|iPhone.Build.0 = Release|Any CPU
		{7CBFB40A-5FE9-4F98-94C9-589781732A59}.AppStore|iPhone.Deploy.0 = Release|Any CPU
		{7CBFB40A-5FE9-4F98-94C9-589781732A59}.AppStore|iPhoneSimulator.ActiveCfg = Release|Any CPU
		{7CBFB40A-5FE9-4F98-94C9-589781732A59}.AppStore|iPhoneSimulator.Build.0 = Release|Any CPU
		{7CBFB40A-5FE9-4F98-94C9-589781732A59}.AppStore|iPhoneSimulator.Deploy.0 = Release|Any CPU
		{7CBFB40A-5FE9-4F98-94C9-589781732A59}.AppStore|x64.ActiveCfg = Release|Any CPU
		{7CBFB40A-5FE9-4F98-94C9-589781732A59}.AppStore|x64.Build.0 = Release|Any CPU
		{7CBFB40A-5FE9-4F98-94C9-589781732A59}.AppStore|x64.Deploy.0 = Release|Any CPU
		{7CBFB40A-5FE9-4F98-94C9-589781732A59}.AppStore|x86.ActiveCfg = Release|Any CPU
		{7CBFB40A-5FE9-4F98-94C9-589781732A59}.AppStore|x86.Build.0 = Release|Any CPU
		{7CBFB40A-5FE9-4F98-94C9-589781732A59}.AppStore|x86.Deploy.0 = Release|Any CPU
		{7CBFB40A-5FE9-4F98-94C9-589781732A59}.Debug|Any CPU.ActiveCfg = Debug|Any CPU
		{7CBFB40A-5FE9-4F98-94C9-589781732A59}.Debug|Any CPU.Build.0 = Debug|Any CPU
		{7CBFB40A-5FE9-4F98-94C9-589781732A59}.Debug|Any CPU.Deploy.0 = Debug|Any CPU
		{7CBFB40A-5FE9-4F98-94C9-589781732A59}.Debug|ARM.ActiveCfg = Debug|Any CPU
		{7CBFB40A-5FE9-4F98-94C9-589781732A59}.Debug|ARM.Build.0 = Debug|Any CPU
		{7CBFB40A-5FE9-4F98-94C9-589781732A59}.Debug|ARM.Deploy.0 = Debug|Any CPU
		{7CBFB40A-5FE9-4F98-94C9-589781732A59}.Debug|iPhone.ActiveCfg = Debug|Any CPU
		{7CBFB40A-5FE9-4F98-94C9-589781732A59}.Debug|iPhone.Build.0 = Debug|Any CPU
		{7CBFB40A-5FE9-4F98-94C9-589781732A59}.Debug|iPhone.Deploy.0 = Debug|Any CPU
		{7CBFB40A-5FE9-4F98-94C9-589781732A59}.Debug|iPhoneSimulator.ActiveCfg = Debug|Any CPU
		{7CBFB40A-5FE9-4F98-94C9-589781732A59}.Debug|iPhoneSimulator.Build.0 = Debug|Any CPU
		{7CBFB40A-5FE9-4F98-94C9-589781732A59}.Debug|iPhoneSimulator.Deploy.0 = Debug|Any CPU
		{7CBFB40A-5FE9-4F98-94C9-589781732A59}.Debug|x64.ActiveCfg = Debug|Any CPU
		{7CBFB40A-5FE9-4F98-94C9-589781732A59}.Debug|x64.Build.0 = Debug|Any CPU
		{7CBFB40A-5FE9-4F98-94C9-589781732A59}.Debug|x64.Deploy.0 = Debug|Any CPU
		{7CBFB40A-5FE9-4F98-94C9-589781732A59}.Debug|x86.ActiveCfg = Debug|Any CPU
		{7CBFB40A-5FE9-4F98-94C9-589781732A59}.Debug|x86.Build.0 = Debug|Any CPU
		{7CBFB40A-5FE9-4F98-94C9-589781732A59}.Debug|x86.Deploy.0 = Debug|Any CPU
		{7CBFB40A-5FE9-4F98-94C9-589781732A59}.Release|Any CPU.ActiveCfg = Release|Any CPU
		{7CBFB40A-5FE9-4F98-94C9-589781732A59}.Release|Any CPU.Build.0 = Release|Any CPU
		{7CBFB40A-5FE9-4F98-94C9-589781732A59}.Release|Any CPU.Deploy.0 = Release|Any CPU
		{7CBFB40A-5FE9-4F98-94C9-589781732A59}.Release|ARM.ActiveCfg = Release|Any CPU
		{7CBFB40A-5FE9-4F98-94C9-589781732A59}.Release|ARM.Build.0 = Release|Any CPU
		{7CBFB40A-5FE9-4F98-94C9-589781732A59}.Release|ARM.Deploy.0 = Release|Any CPU
		{7CBFB40A-5FE9-4F98-94C9-589781732A59}.Release|iPhone.ActiveCfg = Release|Any CPU
		{7CBFB40A-5FE9-4F98-94C9-589781732A59}.Release|iPhone.Build.0 = Release|Any CPU
		{7CBFB40A-5FE9-4F98-94C9-589781732A59}.Release|iPhone.Deploy.0 = Release|Any CPU
		{7CBFB40A-5FE9-4F98-94C9-589781732A59}.Release|iPhoneSimulator.ActiveCfg = Release|Any CPU
		{7CBFB40A-5FE9-4F98-94C9-589781732A59}.Release|iPhoneSimulator.Build.0 = Release|Any CPU
		{7CBFB40A-5FE9-4F98-94C9-589781732A59}.Release|iPhoneSimulator.Deploy.0 = Release|Any CPU
		{7CBFB40A-5FE9-4F98-94C9-589781732A59}.Release|x64.ActiveCfg = Release|Any CPU
		{7CBFB40A-5FE9-4F98-94C9-589781732A59}.Release|x64.Build.0 = Release|Any CPU
		{7CBFB40A-5FE9-4F98-94C9-589781732A59}.Release|x64.Deploy.0 = Release|Any CPU
		{7CBFB40A-5FE9-4F98-94C9-589781732A59}.Release|x86.ActiveCfg = Release|Any CPU
		{7CBFB40A-5FE9-4F98-94C9-589781732A59}.Release|x86.Build.0 = Release|Any CPU
		{7CBFB40A-5FE9-4F98-94C9-589781732A59}.Release|x86.Deploy.0 = Release|Any CPU
		{50CEE331-3A82-4DAC-A2B5-A360EDFC060A}.Ad-Hoc|Any CPU.ActiveCfg = Ad-Hoc|iPhone
		{50CEE331-3A82-4DAC-A2B5-A360EDFC060A}.Ad-Hoc|ARM.ActiveCfg = Ad-Hoc|iPhone
		{50CEE331-3A82-4DAC-A2B5-A360EDFC060A}.Ad-Hoc|iPhone.ActiveCfg = Ad-Hoc|iPhone
		{50CEE331-3A82-4DAC-A2B5-A360EDFC060A}.Ad-Hoc|iPhone.Build.0 = Ad-Hoc|iPhone
		{50CEE331-3A82-4DAC-A2B5-A360EDFC060A}.Ad-Hoc|iPhoneSimulator.ActiveCfg = Ad-Hoc|iPhoneSimulator
		{50CEE331-3A82-4DAC-A2B5-A360EDFC060A}.Ad-Hoc|iPhoneSimulator.Build.0 = Ad-Hoc|iPhoneSimulator
		{50CEE331-3A82-4DAC-A2B5-A360EDFC060A}.Ad-Hoc|x64.ActiveCfg = Ad-Hoc|iPhone
		{50CEE331-3A82-4DAC-A2B5-A360EDFC060A}.Ad-Hoc|x86.ActiveCfg = Ad-Hoc|iPhone
		{50CEE331-3A82-4DAC-A2B5-A360EDFC060A}.AppStore|Any CPU.ActiveCfg = AppStore|iPhone
		{50CEE331-3A82-4DAC-A2B5-A360EDFC060A}.AppStore|ARM.ActiveCfg = AppStore|iPhone
		{50CEE331-3A82-4DAC-A2B5-A360EDFC060A}.AppStore|iPhone.ActiveCfg = AppStore|iPhone
		{50CEE331-3A82-4DAC-A2B5-A360EDFC060A}.AppStore|iPhone.Build.0 = AppStore|iPhone
		{50CEE331-3A82-4DAC-A2B5-A360EDFC060A}.AppStore|iPhoneSimulator.ActiveCfg = AppStore|iPhoneSimulator
		{50CEE331-3A82-4DAC-A2B5-A360EDFC060A}.AppStore|iPhoneSimulator.Build.0 = AppStore|iPhoneSimulator
		{50CEE331-3A82-4DAC-A2B5-A360EDFC060A}.AppStore|x64.ActiveCfg = AppStore|iPhone
		{50CEE331-3A82-4DAC-A2B5-A360EDFC060A}.AppStore|x86.ActiveCfg = AppStore|iPhone
		{50CEE331-3A82-4DAC-A2B5-A360EDFC060A}.Debug|Any CPU.ActiveCfg = Debug|iPhone
		{50CEE331-3A82-4DAC-A2B5-A360EDFC060A}.Debug|ARM.ActiveCfg = Debug|iPhone
		{50CEE331-3A82-4DAC-A2B5-A360EDFC060A}.Debug|iPhone.ActiveCfg = Debug|iPhone
		{50CEE331-3A82-4DAC-A2B5-A360EDFC060A}.Debug|iPhone.Build.0 = Debug|iPhone
		{50CEE331-3A82-4DAC-A2B5-A360EDFC060A}.Debug|iPhoneSimulator.ActiveCfg = Debug|iPhoneSimulator
		{50CEE331-3A82-4DAC-A2B5-A360EDFC060A}.Debug|iPhoneSimulator.Build.0 = Debug|iPhoneSimulator
		{50CEE331-3A82-4DAC-A2B5-A360EDFC060A}.Debug|x64.ActiveCfg = Debug|iPhone
		{50CEE331-3A82-4DAC-A2B5-A360EDFC060A}.Debug|x86.ActiveCfg = Debug|iPhone
		{50CEE331-3A82-4DAC-A2B5-A360EDFC060A}.Release|Any CPU.ActiveCfg = Release|iPhone
		{50CEE331-3A82-4DAC-A2B5-A360EDFC060A}.Release|ARM.ActiveCfg = Release|iPhone
		{50CEE331-3A82-4DAC-A2B5-A360EDFC060A}.Release|iPhone.ActiveCfg = Release|iPhone
		{50CEE331-3A82-4DAC-A2B5-A360EDFC060A}.Release|iPhone.Build.0 = Release|iPhone
		{50CEE331-3A82-4DAC-A2B5-A360EDFC060A}.Release|iPhoneSimulator.ActiveCfg = Release|iPhoneSimulator
		{50CEE331-3A82-4DAC-A2B5-A360EDFC060A}.Release|iPhoneSimulator.Build.0 = Release|iPhoneSimulator
		{50CEE331-3A82-4DAC-A2B5-A360EDFC060A}.Release|x64.ActiveCfg = Release|iPhone
		{50CEE331-3A82-4DAC-A2B5-A360EDFC060A}.Release|x86.ActiveCfg = Release|iPhone
		{CF523ED4-FF3B-4E84-BA54-482A9227B5A8}.Ad-Hoc|Any CPU.ActiveCfg = Release|x86
		{CF523ED4-FF3B-4E84-BA54-482A9227B5A8}.Ad-Hoc|Any CPU.Build.0 = Release|x86
		{CF523ED4-FF3B-4E84-BA54-482A9227B5A8}.Ad-Hoc|Any CPU.Deploy.0 = Release|x86
		{CF523ED4-FF3B-4E84-BA54-482A9227B5A8}.Ad-Hoc|ARM.ActiveCfg = Release|ARM
		{CF523ED4-FF3B-4E84-BA54-482A9227B5A8}.Ad-Hoc|ARM.Build.0 = Release|ARM
		{CF523ED4-FF3B-4E84-BA54-482A9227B5A8}.Ad-Hoc|ARM.Deploy.0 = Release|ARM
		{CF523ED4-FF3B-4E84-BA54-482A9227B5A8}.Ad-Hoc|iPhone.ActiveCfg = Release|x86
		{CF523ED4-FF3B-4E84-BA54-482A9227B5A8}.Ad-Hoc|iPhone.Build.0 = Release|x86
		{CF523ED4-FF3B-4E84-BA54-482A9227B5A8}.Ad-Hoc|iPhone.Deploy.0 = Release|x86
		{CF523ED4-FF3B-4E84-BA54-482A9227B5A8}.Ad-Hoc|iPhoneSimulator.ActiveCfg = Release|x86
		{CF523ED4-FF3B-4E84-BA54-482A9227B5A8}.Ad-Hoc|iPhoneSimulator.Build.0 = Release|x86
		{CF523ED4-FF3B-4E84-BA54-482A9227B5A8}.Ad-Hoc|iPhoneSimulator.Deploy.0 = Release|x86
		{CF523ED4-FF3B-4E84-BA54-482A9227B5A8}.Ad-Hoc|x64.ActiveCfg = Release|x64
		{CF523ED4-FF3B-4E84-BA54-482A9227B5A8}.Ad-Hoc|x64.Build.0 = Release|x64
		{CF523ED4-FF3B-4E84-BA54-482A9227B5A8}.Ad-Hoc|x64.Deploy.0 = Release|x64
		{CF523ED4-FF3B-4E84-BA54-482A9227B5A8}.Ad-Hoc|x86.ActiveCfg = Release|x86
		{CF523ED4-FF3B-4E84-BA54-482A9227B5A8}.Ad-Hoc|x86.Build.0 = Release|x86
		{CF523ED4-FF3B-4E84-BA54-482A9227B5A8}.Ad-Hoc|x86.Deploy.0 = Release|x86
		{CF523ED4-FF3B-4E84-BA54-482A9227B5A8}.AppStore|Any CPU.ActiveCfg = Release|x86
		{CF523ED4-FF3B-4E84-BA54-482A9227B5A8}.AppStore|Any CPU.Build.0 = Release|x86
		{CF523ED4-FF3B-4E84-BA54-482A9227B5A8}.AppStore|Any CPU.Deploy.0 = Release|x86
		{CF523ED4-FF3B-4E84-BA54-482A9227B5A8}.AppStore|ARM.ActiveCfg = Release|ARM
		{CF523ED4-FF3B-4E84-BA54-482A9227B5A8}.AppStore|ARM.Build.0 = Release|ARM
		{CF523ED4-FF3B-4E84-BA54-482A9227B5A8}.AppStore|ARM.Deploy.0 = Release|ARM
		{CF523ED4-FF3B-4E84-BA54-482A9227B5A8}.AppStore|iPhone.ActiveCfg = Release|x86
		{CF523ED4-FF3B-4E84-BA54-482A9227B5A8}.AppStore|iPhone.Build.0 = Release|x86
		{CF523ED4-FF3B-4E84-BA54-482A9227B5A8}.AppStore|iPhone.Deploy.0 = Release|x86
		{CF523ED4-FF3B-4E84-BA54-482A9227B5A8}.AppStore|iPhoneSimulator.ActiveCfg = Release|x86
		{CF523ED4-FF3B-4E84-BA54-482A9227B5A8}.AppStore|iPhoneSimulator.Build.0 = Release|x86
		{CF523ED4-FF3B-4E84-BA54-482A9227B5A8}.AppStore|iPhoneSimulator.Deploy.0 = Release|x86
		{CF523ED4-FF3B-4E84-BA54-482A9227B5A8}.AppStore|x64.ActiveCfg = Release|x64
		{CF523ED4-FF3B-4E84-BA54-482A9227B5A8}.AppStore|x64.Build.0 = Release|x64
		{CF523ED4-FF3B-4E84-BA54-482A9227B5A8}.AppStore|x64.Deploy.0 = Release|x64
		{CF523ED4-FF3B-4E84-BA54-482A9227B5A8}.AppStore|x86.ActiveCfg = Release|x86
		{CF523ED4-FF3B-4E84-BA54-482A9227B5A8}.AppStore|x86.Build.0 = Release|x86
		{CF523ED4-FF3B-4E84-BA54-482A9227B5A8}.AppStore|x86.Deploy.0 = Release|x86
		{CF523ED4-FF3B-4E84-BA54-482A9227B5A8}.Debug|Any CPU.ActiveCfg = Debug|x86
		{CF523ED4-FF3B-4E84-BA54-482A9227B5A8}.Debug|ARM.ActiveCfg = Debug|ARM
		{CF523ED4-FF3B-4E84-BA54-482A9227B5A8}.Debug|ARM.Build.0 = Debug|ARM
		{CF523ED4-FF3B-4E84-BA54-482A9227B5A8}.Debug|ARM.Deploy.0 = Debug|ARM
		{CF523ED4-FF3B-4E84-BA54-482A9227B5A8}.Debug|iPhone.ActiveCfg = Debug|x86
		{CF523ED4-FF3B-4E84-BA54-482A9227B5A8}.Debug|iPhoneSimulator.ActiveCfg = Debug|x86
		{CF523ED4-FF3B-4E84-BA54-482A9227B5A8}.Debug|x64.ActiveCfg = Debug|x64
		{CF523ED4-FF3B-4E84-BA54-482A9227B5A8}.Debug|x64.Build.0 = Debug|x64
		{CF523ED4-FF3B-4E84-BA54-482A9227B5A8}.Debug|x64.Deploy.0 = Debug|x64
		{CF523ED4-FF3B-4E84-BA54-482A9227B5A8}.Debug|x86.ActiveCfg = Debug|x86
		{CF523ED4-FF3B-4E84-BA54-482A9227B5A8}.Debug|x86.Build.0 = Debug|x86
		{CF523ED4-FF3B-4E84-BA54-482A9227B5A8}.Debug|x86.Deploy.0 = Debug|x86
		{CF523ED4-FF3B-4E84-BA54-482A9227B5A8}.Release|Any CPU.ActiveCfg = Release|x86
		{CF523ED4-FF3B-4E84-BA54-482A9227B5A8}.Release|ARM.ActiveCfg = Release|ARM
		{CF523ED4-FF3B-4E84-BA54-482A9227B5A8}.Release|ARM.Build.0 = Release|ARM
		{CF523ED4-FF3B-4E84-BA54-482A9227B5A8}.Release|ARM.Deploy.0 = Release|ARM
		{CF523ED4-FF3B-4E84-BA54-482A9227B5A8}.Release|iPhone.ActiveCfg = Release|x86
		{CF523ED4-FF3B-4E84-BA54-482A9227B5A8}.Release|iPhoneSimulator.ActiveCfg = Release|x86
		{CF523ED4-FF3B-4E84-BA54-482A9227B5A8}.Release|x64.ActiveCfg = Release|x64
		{CF523ED4-FF3B-4E84-BA54-482A9227B5A8}.Release|x64.Build.0 = Release|x64
		{CF523ED4-FF3B-4E84-BA54-482A9227B5A8}.Release|x64.Deploy.0 = Release|x64
		{CF523ED4-FF3B-4E84-BA54-482A9227B5A8}.Release|x86.ActiveCfg = Release|x86
		{CF523ED4-FF3B-4E84-BA54-482A9227B5A8}.Release|x86.Build.0 = Release|x86
		{CF523ED4-FF3B-4E84-BA54-482A9227B5A8}.Release|x86.Deploy.0 = Release|x86
	EndGlobalSection
	GlobalSection(SolutionProperties) = preSolution
		HideSolutionNode = FALSE
	EndGlobalSection
	GlobalSection(ExtensibilityGlobals) = postSolution
		SolutionGuid = {47DB0F1F-5BA1-4784-A13E-FCD57799A4EF}
	EndGlobalSection
EndGlobal
